{
  "nodes": {
    "nixpkgs": {
      "locked": {
        "lastModified": 1726642912,
        "narHash": "sha256-wiZzKGHRAhItEuoE599Wm3ic+Lg/NykuBvhb+awf7N8=",
        "owner": "nixos",
        "repo": "nixpkgs",
        "rev": "395c52d142ec1df377acd67db6d4a22950b02a98",
        "type": "github"
      },
      "original": {
        "owner": "nixos",
        "ref": "nixos-unstable",
        "repo": "nixpkgs",
        "type": "github"
      }
    },
    "root": {
      "inputs": {
        "nixpkgs": "nixpkgs"
      }
    }
  },
  "root": "root",
  "version": 7
}
